
Microsoft Visual Studio Solution File, Format Version 12.00
# Visual Studio Version 16
VisualStudioVersion = 16.0.31729.503
MinimumVisualStudioVersion = 10.0.40219.1
Project("{888888A0-9F3D-457C-B088-3A5042F75D52}") = "PassGenEmail", "PassGenEmail\PassGenEmail.pyproj", "{65E0D1D8-40C0-444C-AD92-D7F7861DD00B}"
EndProject
Global
	GlobalSection(SolutionConfigurationPlatforms) = preSolution
		Debug|Any CPU = Debug|Any CPU
		Release|Any CPU = Release|Any CPU
	EndGlobalSection
	GlobalSection(ProjectConfigurationPlatforms) = postSolution
		{65E0D1D8-40C0-444C-AD92-D7F7861DD00B}.Debug|Any CPU.ActiveCfg = Debug|Any CPU
		{65E0D1D8-40C0-444C-AD92-D7F7861DD00B}.Release|Any CPU.ActiveCfg = Release|Any CPU
	EndGlobalSection
	GlobalSection(SolutionProperties) = preSolution
		HideSolutionNode = FALSE
	EndGlobalSection
	GlobalSection(ExtensibilityGlobals) = postSolution
		SolutionGuid = {3BAA404C-D3E6-4E65-B625-5CE1E4E2D671}
	EndGlobalSection
EndGlobal
